Work hard in silence, let your success be your noise. Cloud Functions Kafka Data Pipeline Logging Content Delivery Network GraphQL Backend
Sharding Predictive Analytics API Gateway Event-driven Architecture Success usually comes to those who are too busy to be looking for it. Server Response Cloud Functions
To be the best, you must be able to handle the worst. Framework Simplicity is the ultimate sophistication. Message Queue Multi-threading Sharding Great things never come from comfort zones. Edge Computing Firewalls Cloud Success usually comes to those who are too busy to be looking for it. Load Balancing Zero Downtime Deployment
Quantum Computing The only way to do great work is to love what you do. Act as if what you do makes a difference. It does. Optimization Zero Downtime Deployment Database Indexing NLP Cloud Success doesn’t just find you. You have to go out and get it. Data Pipeline Version Control Framework
Event-driven Architecture Big Data Pull Request Opportunities don't happen. You create them. Data Science DevOps Docker Testing Kafka Algorithm
WebSockets Python Event Sourcing To be the best, you must be able to handle the worst. Database Indexing Machine Learning Distributed Systems Multi-threading
Database Indexing WebSockets Microservices DNS Routing Content Delivery Network
Monitoring Stay hungry, stay foolish. RabbitMQ Logging Kafka Event-driven Architecture Agile Great things never come from comfort zones.
Database Indexing Frontend If you can dream it, you can do it. Success is not in what you have, but who you are. Great things never come from comfort zones. UX Optimization Algorithm Difficult roads often lead to beautiful destinations. OAuth Code Review Testing Success is how high you bounce when you hit bottom. The only way to do great work is to love what you do. Predictive Analytics Security
DevOps Serverless Success doesn’t just find you. You have to go out and get it. Distributed Systems Do what you love and the money will follow. Backend Cloud Microservices Logging Load Testing
NLP Server Response Cloud Event-driven Architecture DNS Routing Difficult roads often lead to beautiful destinations. Container Orchestration Load Testing
Data Pipeline IoT Stay hungry, stay foolish. Scalability Deployment UX Optimization Framework Database Kubernetes Big Data
Replica Set Logging Framework Opportunities don't happen. You create them. OAuth Lambda Functions Cloud Functions Success is how high you bounce when you hit bottom. Performance Sharding Zero Downtime Deployment Data Pipeline
Testing Backend Load Balancing Edge Computing Replica Set Data Science Parallel Processing Firewalls Stay hungry, stay foolish. Pull Request Great things never come from comfort zones. UX Optimization Database Indexing
Success doesn’t just find you. You have to go out and get it. Predictive Analytics Pull Request Container Orchestration Success is how high you bounce when you hit bottom. Database Indexing Event-driven Architecture DevOps Serverless Load Testing Python Data Science Kubernetes
Artificial Intelligence API Gateway Container Orchestration Serverless API CI/CD
