Work hard in silence, let your success be your noise. Cloud Functions Kafka Data Pipeline Logging Content Delivery Network GraphQL Backend
Sharding Predictive Analytics API Gateway Event-driven Architecture Success usually comes to those who are too busy to be looking for it. Server Response Cloud Functions
